
Microsoft Visual Studio Solution File, Format Version 12.00
# Visual Studio Version 17
VisualStudioVersion = 17.0.31903.59
MinimumVisualStudioVersion = 10.0.40219.1
Project("{2150E333-8FDC-42A3-9474-1A3956D46DE8}") = "src", "src", "{827E0CD3-B72D-47B6-A68D-7590B98EB39B}"
EndProject
Project("{FAE04EC0-301F-11D3-BF4B-00C04F79EFBC}") = "AetherXIV.Protocol", "src\AetherXIV.Protocol\AetherXIV.Protocol.csproj", "{1A5ED6D5-6D7F-4119-912E-E07B0E4FC05F}"
EndProject
Project("{FAE04EC0-301F-11D3-BF4B-00C04F79EFBC}") = "AetherXIV.Core", "src\AetherXIV.Core\AetherXIV.Core.csproj", "{2EA9D887-4C64-4C33-A3E9-FE6D1D62A44A}"
EndProject
Project("{FAE04EC0-301F-11D3-BF4B-00C04F79EFBC}") = "AetherXIV.Data", "src\AetherXIV.Data\AetherXIV.Data.csproj", "{9D120F93-010D-4030-9CD8-1F7F6F20002A}"
EndProject
Project("{FAE04EC0-301F-11D3-BF4B-00C04F79EFBC}") = "AetherXIV.Server.Hosting", "src\AetherXIV.Server.Hosting\AetherXIV.Server.Hosting.csproj", "{E9E57FB0-385A-40FE-AFC9-DBA02B6A7D7A}"
EndProject
Project("{2150E333-8FDC-42A3-9474-1A3956D46DE8}") = "tests", "tests", "{0AB3BF05-4346-4AA6-1389-037BE0695223}"
EndProject
Project("{FAE04EC0-301F-11D3-BF4B-00C04F79EFBC}") = "AetherXIV.Protocol.Tests", "tests\AetherXIV.Protocol.Tests\AetherXIV.Protocol.Tests.csproj", "{2A9618F4-DD5E-4757-ADDD-827A4F08973C}"
EndProject
Project("{FAE04EC0-301F-11D3-BF4B-00C04F79EFBC}") = "AetherXIV.Data.Tests", "tests\AetherXIV.Data.Tests\AetherXIV.Data.Tests.csproj", "{4586E026-A9D5-4E98-8BC7-B2BBC8F4C672}"
EndProject
Project("{FAE04EC0-301F-11D3-BF4B-00C04F79EFBC}") = "AetherXIV.Core.Tests", "tests\AetherXIV.Core.Tests\AetherXIV.Core.Tests.csproj", "{DDEAD99C-A792-4750-82C3-9E7828C570BF}"
EndProject
Project("{FAE04EC0-301F-11D3-BF4B-00C04F79EFBC}") = "AetherXIV.Server.Hosting.Tests", "tests\AetherXIV.Server.Hosting.Tests\AetherXIV.Server.Hosting.Tests.csproj", "{FAC9D1BC-0C61-4B56-9A1B-8A1592EDEDDA}"
EndProject
Project("{FAE04EC0-301F-11D3-BF4B-00C04F79EFBC}") = "AetherXIV.ClientData", "src\AetherXIV.ClientData\AetherXIV.ClientData.csproj", "{E158FB50-1E13-4BF2-85ED-7C74BBB6C1EB}"
EndProject
Project("{FAE04EC0-301F-11D3-BF4B-00C04F79EFBC}") = "AetherXIV.ClientData.Tests", "tests\AetherXIV.ClientData.Tests\AetherXIV.ClientData.Tests.csproj", "{1A7DD7A7-00D1-4906-A4F9-107072186A10}"
EndProject
Project("{FAE04EC0-301F-11D3-BF4B-00C04F79EFBC}") = "AetherXIV.Launcher.Contracts", "src\AetherXIV.Launcher.Contracts\AetherXIV.Launcher.Contracts.csproj", "{E90380BB-215E-4C68-80D0-85074110082A}"
EndProject
Project("{FAE04EC0-301F-11D3-BF4B-00C04F79EFBC}") = "AetherXIV.Launcher.Contracts.Tests", "tests\AetherXIV.Launcher.Contracts.Tests\AetherXIV.Launcher.Contracts.Tests.csproj", "{BF28BE4E-5B97-43C0-A993-2F5F705D12AD}"
EndProject
Project("{FAE04EC0-301F-11D3-BF4B-00C04F79EFBC}") = "AetherXIV.Launcher.Host", "src\AetherXIV.Launcher.Host\AetherXIV.Launcher.Host.csproj", "{08F6CDD0-743F-4208-B2F3-B3E3B2ABACFD}"
EndProject
Project("{FAE04EC0-301F-11D3-BF4B-00C04F79EFBC}") = "AetherXIV.Launcher.Host.Tests", "tests\AetherXIV.Launcher.Host.Tests\AetherXIV.Launcher.Host.Tests.csproj", "{79A4A075-4A89-4AAD-8FDD-FD7C21E12B30}"
EndProject
Project("{FAE04EC0-301F-11D3-BF4B-00C04F79EFBC}") = "AetherXIV.Operator", "src\AetherXIV.Operator\AetherXIV.Operator.csproj", "{C406FF51-7108-4213-8DEF-6F40FB18F014}"
EndProject
Project("{FAE04EC0-301F-11D3-BF4B-00C04F79EFBC}") = "AetherXIV.UI.App", "src\AetherXIV.UI.App\AetherXIV.UI.App.csproj", "{D937C042-295D-4897-A157-D48DF147BDB0}"
EndProject
Project("{FAE04EC0-301F-11D3-BF4B-00C04F79EFBC}") = "AetherXIV.Operator.Tests", "tests\AetherXIV.Operator.Tests\AetherXIV.Operator.Tests.csproj", "{D880188E-9F7B-4E3C-9E0E-66C3794F640D}"
EndProject
Project("{FAE04EC0-301F-11D3-BF4B-00C04F79EFBC}") = "AetherXIV.Core.Common", "src\AetherXIV.Core.Common\AetherXIV.Core.Common.csproj", "{F3097B40-6DCD-4E0D-B4EF-962F9ED3715F}"
EndProject
Project("{FAE04EC0-301F-11D3-BF4B-00C04F79EFBC}") = "AetherXIV.Core.Map", "src\AetherXIV.Core.Map\AetherXIV.Core.Map.csproj", "{F198FF06-A8E2-4DEA-8542-2204A594C713}"
EndProject
Project("{FAE04EC0-301F-11D3-BF4B-00C04F79EFBC}") = "AetherXIV.Core.Map.Tests", "tests\AetherXIV.Core.Map.Tests\AetherXIV.Core.Map.Tests.csproj", "{44EB6F52-16F1-44AB-A2AE-09945CC43C96}"
EndProject
Project("{FAE04EC0-301F-11D3-BF4B-00C04F79EFBC}") = "AetherXIV.Core.Lobby", "src\AetherXIV.Core.Lobby\AetherXIV.Core.Lobby.csproj", "{678C07DA-E27F-4077-82F1-791DE13F0F8A}"
EndProject
Project("{FAE04EC0-301F-11D3-BF4B-00C04F79EFBC}") = "AetherXIV.Core.World", "src\AetherXIV.Core.World\AetherXIV.Core.World.csproj", "{1DFAB7CA-6677-4B80-8CA6-BB9C0C039A77}"
EndProject
Global
	GlobalSection(SolutionConfigurationPlatforms) = preSolution
		Debug|Any CPU = Debug|Any CPU
		Debug|x64 = Debug|x64
		Debug|x86 = Debug|x86
		Release|Any CPU = Release|Any CPU
		Release|x64 = Release|x64
		Release|x86 = Release|x86
	EndGlobalSection
	GlobalSection(ProjectConfigurationPlatforms) = postSolution
		{1A5ED6D5-6D7F-4119-912E-E07B0E4FC05F}.Debug|Any CPU.ActiveCfg = Debug|Any CPU
		{1A5ED6D5-6D7F-4119-912E-E07B0E4FC05F}.Debug|Any CPU.Build.0 = Debug|Any CPU
		{1A5ED6D5-6D7F-4119-912E-E07B0E4FC05F}.Debug|x64.ActiveCfg = Debug|Any CPU
		{1A5ED6D5-6D7F-4119-912E-E07B0E4FC05F}.Debug|x64.Build.0 = Debug|Any CPU
		{1A5ED6D5-6D7F-4119-912E-E07B0E4FC05F}.Debug|x86.ActiveCfg = Debug|Any CPU
		{1A5ED6D5-6D7F-4119-912E-E07B0E4FC05F}.Debug|x86.Build.0 = Debug|Any CPU
		{1A5ED6D5-6D7F-4119-912E-E07B0E4FC05F}.Release|Any CPU.ActiveCfg = Release|Any CPU
		{1A5ED6D5-6D7F-4119-912E-E07B0E4FC05F}.Release|Any CPU.Build.0 = Release|Any CPU
		{1A5ED6D5-6D7F-4119-912E-E07B0E4FC05F}.Release|x64.ActiveCfg = Release|Any CPU
		{1A5ED6D5-6D7F-4119-912E-E07B0E4FC05F}.Release|x64.Build.0 = Release|Any CPU
		{1A5ED6D5-6D7F-4119-912E-E07B0E4FC05F}.Release|x86.ActiveCfg = Release|Any CPU
		{1A5ED6D5-6D7F-4119-912E-E07B0E4FC05F}.Release|x86.Build.0 = Release|Any CPU
		{2EA9D887-4C64-4C33-A3E9-FE6D1D62A44A}.Debug|Any CPU.ActiveCfg = Debug|Any CPU
		{2EA9D887-4C64-4C33-A3E9-FE6D1D62A44A}.Debug|Any CPU.Build.0 = Debug|Any CPU
		{2EA9D887-4C64-4C33-A3E9-FE6D1D62A44A}.Debug|x64.ActiveCfg = Debug|Any CPU
		{2EA9D887-4C64-4C33-A3E9-FE6D1D62A44A}.Debug|x64.Build.0 = Debug|Any CPU
		{2EA9D887-4C64-4C33-A3E9-FE6D1D62A44A}.Debug|x86.ActiveCfg = Debug|Any CPU
		{2EA9D887-4C64-4C33-A3E9-FE6D1D62A44A}.Debug|x86.Build.0 = Debug|Any CPU
		{2EA9D887-4C64-4C33-A3E9-FE6D1D62A44A}.Release|Any CPU.ActiveCfg = Release|Any CPU
		{2EA9D887-4C64-4C33-A3E9-FE6D1D62A44A}.Release|Any CPU.Build.0 = Release|Any CPU
		{2EA9D887-4C64-4C33-A3E9-FE6D1D62A44A}.Release|x64.ActiveCfg = Release|Any CPU
		{2EA9D887-4C64-4C33-A3E9-FE6D1D62A44A}.Release|x64.Build.0 = Release|Any CPU
		{2EA9D887-4C64-4C33-A3E9-FE6D1D62A44A}.Release|x86.ActiveCfg = Release|Any CPU
		{2EA9D887-4C64-4C33-A3E9-FE6D1D62A44A}.Release|x86.Build.0 = Release|Any CPU
		{9D120F93-010D-4030-9CD8-1F7F6F20002A}.Debug|Any CPU.ActiveCfg = Debug|Any CPU
		{9D120F93-010D-4030-9CD8-1F7F6F20002A}.Debug|Any CPU.Build.0 = Debug|Any CPU
		{9D120F93-010D-4030-9CD8-1F7F6F20002A}.Debug|x64.ActiveCfg = Debug|Any CPU
		{9D120F93-010D-4030-9CD8-1F7F6F20002A}.Debug|x64.Build.0 = Debug|Any CPU
		{9D120F93-010D-4030-9CD8-1F7F6F20002A}.Debug|x86.ActiveCfg = Debug|Any CPU
		{9D120F93-010D-4030-9CD8-1F7F6F20002A}.Debug|x86.Build.0 = Debug|Any CPU
		{9D120F93-010D-4030-9CD8-1F7F6F20002A}.Release|Any CPU.ActiveCfg = Release|Any CPU
		{9D120F93-010D-4030-9CD8-1F7F6F20002A}.Release|Any CPU.Build.0 = Release|Any CPU
		{9D120F93-010D-4030-9CD8-1F7F6F20002A}.Release|x64.ActiveCfg = Release|Any CPU
		{9D120F93-010D-4030-9CD8-1F7F6F20002A}.Release|x64.Build.0 = Release|Any CPU
		{9D120F93-010D-4030-9CD8-1F7F6F20002A}.Release|x86.ActiveCfg = Release|Any CPU
		{9D120F93-010D-4030-9CD8-1F7F6F20002A}.Release|x86.Build.0 = Release|Any CPU
		{E9E57FB0-385A-40FE-AFC9-DBA02B6A7D7A}.Debug|Any CPU.ActiveCfg = Debug|Any CPU
		{E9E57FB0-385A-40FE-AFC9-DBA02B6A7D7A}.Debug|Any CPU.Build.0 = Debug|Any CPU
		{E9E57FB0-385A-40FE-AFC9-DBA02B6A7D7A}.Debug|x64.ActiveCfg = Debug|Any CPU
		{E9E57FB0-385A-40FE-AFC9-DBA02B6A7D7A}.Debug|x64.Build.0 = Debug|Any CPU
		{E9E57FB0-385A-40FE-AFC9-DBA02B6A7D7A}.Debug|x86.ActiveCfg = Debug|Any CPU
		{E9E57FB0-385A-40FE-AFC9-DBA02B6A7D7A}.Debug|x86.Build.0 = Debug|Any CPU
		{E9E57FB0-385A-40FE-AFC9-DBA02B6A7D7A}.Release|Any CPU.ActiveCfg = Release|Any CPU
		{E9E57FB0-385A-40FE-AFC9-DBA02B6A7D7A}.Release|Any CPU.Build.0 = Release|Any CPU
		{E9E57FB0-385A-40FE-AFC9-DBA02B6A7D7A}.Release|x64.ActiveCfg = Release|Any CPU
		{E9E57FB0-385A-40FE-AFC9-DBA02B6A7D7A}.Release|x64.Build.0 = Release|Any CPU
		{E9E57FB0-385A-40FE-AFC9-DBA02B6A7D7A}.Release|x86.ActiveCfg = Release|Any CPU
		{E9E57FB0-385A-40FE-AFC9-DBA02B6A7D7A}.Release|x86.Build.0 = Release|Any CPU
		{2A9618F4-DD5E-4757-ADDD-827A4F08973C}.Debug|Any CPU.ActiveCfg = Debug|Any CPU
		{2A9618F4-DD5E-4757-ADDD-827A4F08973C}.Debug|Any CPU.Build.0 = Debug|Any CPU
		{2A9618F4-DD5E-4757-ADDD-827A4F08973C}.Debug|x64.ActiveCfg = Debug|Any CPU
		{2A9618F4-DD5E-4757-ADDD-827A4F08973C}.Debug|x64.Build.0 = Debug|Any CPU
		{2A9618F4-DD5E-4757-ADDD-827A4F08973C}.Debug|x86.ActiveCfg = Debug|Any CPU
		{2A9618F4-DD5E-4757-ADDD-827A4F08973C}.Debug|x86.Build.0 = Debug|Any CPU
		{2A9618F4-DD5E-4757-ADDD-827A4F08973C}.Release|Any CPU.ActiveCfg = Release|Any CPU
		{2A9618F4-DD5E-4757-ADDD-827A4F08973C}.Release|Any CPU.Build.0 = Release|Any CPU
		{2A9618F4-DD5E-4757-ADDD-827A4F08973C}.Release|x64.ActiveCfg = Release|Any CPU
		{2A9618F4-DD5E-4757-ADDD-827A4F08973C}.Release|x64.Build.0 = Release|Any CPU
		{2A9618F4-DD5E-4757-ADDD-827A4F08973C}.Release|x86.ActiveCfg = Release|Any CPU
		{2A9618F4-DD5E-4757-ADDD-827A4F08973C}.Release|x86.Build.0 = Release|Any CPU
		{4586E026-A9D5-4E98-8BC7-B2BBC8F4C672}.Debug|Any CPU.ActiveCfg = Debug|Any CPU
		{4586E026-A9D5-4E98-8BC7-B2BBC8F4C672}.Debug|Any CPU.Build.0 = Debug|Any CPU
		{4586E026-A9D5-4E98-8BC7-B2BBC8F4C672}.Debug|x64.ActiveCfg = Debug|Any CPU
		{4586E026-A9D5-4E98-8BC7-B2BBC8F4C672}.Debug|x64.Build.0 = Debug|Any CPU
		{4586E026-A9D5-4E98-8BC7-B2BBC8F4C672}.Debug|x86.ActiveCfg = Debug|Any CPU
		{4586E026-A9D5-4E98-8BC7-B2BBC8F4C672}.Debug|x86.Build.0 = Debug|Any CPU
		{4586E026-A9D5-4E98-8BC7-B2BBC8F4C672}.Release|Any CPU.ActiveCfg = Release|Any CPU
		{4586E026-A9D5-4E98-8BC7-B2BBC8F4C672}.Release|Any CPU.Build.0 = Release|Any CPU
		{4586E026-A9D5-4E98-8BC7-B2BBC8F4C672}.Release|x64.ActiveCfg = Release|Any CPU
		{4586E026-A9D5-4E98-8BC7-B2BBC8F4C672}.Release|x64.Build.0 = Release|Any CPU
		{4586E026-A9D5-4E98-8BC7-B2BBC8F4C672}.Release|x86.ActiveCfg = Release|Any CPU
		{4586E026-A9D5-4E98-8BC7-B2BBC8F4C672}.Release|x86.Build.0 = Release|Any CPU
		{DDEAD99C-A792-4750-82C3-9E7828C570BF}.Debug|Any CPU.ActiveCfg = Debug|Any CPU
		{DDEAD99C-A792-4750-82C3-9E7828C570BF}.Debug|Any CPU.Build.0 = Debug|Any CPU
		{DDEAD99C-A792-4750-82C3-9E7828C570BF}.Debug|x64.ActiveCfg = Debug|Any CPU
		{DDEAD99C-A792-4750-82C3-9E7828C570BF}.Debug|x64.Build.0 = Debug|Any CPU
		{DDEAD99C-A792-4750-82C3-9E7828C570BF}.Debug|x86.ActiveCfg = Debug|Any CPU
		{DDEAD99C-A792-4750-82C3-9E7828C570BF}.Debug|x86.Build.0 = Debug|Any CPU
		{DDEAD99C-A792-4750-82C3-9E7828C570BF}.Release|Any CPU.ActiveCfg = Release|Any CPU
		{DDEAD99C-A792-4750-82C3-9E7828C570BF}.Release|Any CPU.Build.0 = Release|Any CPU
		{DDEAD99C-A792-4750-82C3-9E7828C570BF}.Release|x64.ActiveCfg = Release|Any CPU
		{DDEAD99C-A792-4750-82C3-9E7828C570BF}.Release|x64.Build.0 = Release|Any CPU
		{DDEAD99C-A792-4750-82C3-9E7828C570BF}.Release|x86.ActiveCfg = Release|Any CPU
		{DDEAD99C-A792-4750-82C3-9E7828C570BF}.Release|x86.Build.0 = Release|Any CPU
		{FAC9D1BC-0C61-4B56-9A1B-8A1592EDEDDA}.Debug|Any CPU.ActiveCfg = Debug|Any CPU
		{FAC9D1BC-0C61-4B56-9A1B-8A1592EDEDDA}.Debug|Any CPU.Build.0 = Debug|Any CPU
		{FAC9D1BC-0C61-4B56-9A1B-8A1592EDEDDA}.Debug|x64.ActiveCfg = Debug|Any CPU
		{FAC9D1BC-0C61-4B56-9A1B-8A1592EDEDDA}.Debug|x64.Build.0 = Debug|Any CPU
		{FAC9D1BC-0C61-4B56-9A1B-8A1592EDEDDA}.Debug|x86.ActiveCfg = Debug|Any CPU
		{FAC9D1BC-0C61-4B56-9A1B-8A1592EDEDDA}.Debug|x86.Build.0 = Debug|Any CPU
		{FAC9D1BC-0C61-4B56-9A1B-8A1592EDEDDA}.Release|Any CPU.ActiveCfg = Release|Any CPU
		{FAC9D1BC-0C61-4B56-9A1B-8A1592EDEDDA}.Release|Any CPU.Build.0 = Release|Any CPU
		{FAC9D1BC-0C61-4B56-9A1B-8A1592EDEDDA}.Release|x64.ActiveCfg = Release|Any CPU
		{FAC9D1BC-0C61-4B56-9A1B-8A1592EDEDDA}.Release|x64.Build.0 = Release|Any CPU
		{FAC9D1BC-0C61-4B56-9A1B-8A1592EDEDDA}.Release|x86.ActiveCfg = Release|Any CPU
		{FAC9D1BC-0C61-4B56-9A1B-8A1592EDEDDA}.Release|x86.Build.0 = Release|Any CPU
		{E158FB50-1E13-4BF2-85ED-7C74BBB6C1EB}.Debug|Any CPU.ActiveCfg = Debug|Any CPU
		{E158FB50-1E13-4BF2-85ED-7C74BBB6C1EB}.Debug|Any CPU.Build.0 = Debug|Any CPU
		{E158FB50-1E13-4BF2-85ED-7C74BBB6C1EB}.Debug|x64.ActiveCfg = Debug|Any CPU
		{E158FB50-1E13-4BF2-85ED-7C74BBB6C1EB}.Debug|x64.Build.0 = Debug|Any CPU
		{E158FB50-1E13-4BF2-85ED-7C74BBB6C1EB}.Debug|x86.ActiveCfg = Debug|Any CPU
		{E158FB50-1E13-4BF2-85ED-7C74BBB6C1EB}.Debug|x86.Build.0 = Debug|Any CPU
		{E158FB50-1E13-4BF2-85ED-7C74BBB6C1EB}.Release|Any CPU.ActiveCfg = Release|Any CPU
		{E158FB50-1E13-4BF2-85ED-7C74BBB6C1EB}.Release|Any CPU.Build.0 = Release|Any CPU
		{E158FB50-1E13-4BF2-85ED-7C74BBB6C1EB}.Release|x64.ActiveCfg = Release|Any CPU
		{E158FB50-1E13-4BF2-85ED-7C74BBB6C1EB}.Release|x64.Build.0 = Release|Any CPU
		{E158FB50-1E13-4BF2-85ED-7C74BBB6C1EB}.Release|x86.ActiveCfg = Release|Any CPU
		{E158FB50-1E13-4BF2-85ED-7C74BBB6C1EB}.Release|x86.Build.0 = Release|Any CPU
		{1A7DD7A7-00D1-4906-A4F9-107072186A10}.Debug|Any CPU.ActiveCfg = Debug|Any CPU
		{1A7DD7A7-00D1-4906-A4F9-107072186A10}.Debug|Any CPU.Build.0 = Debug|Any CPU
		{1A7DD7A7-00D1-4906-A4F9-107072186A10}.Debug|x64.ActiveCfg = Debug|Any CPU
		{1A7DD7A7-00D1-4906-A4F9-107072186A10}.Debug|x64.Build.0 = Debug|Any CPU
		{1A7DD7A7-00D1-4906-A4F9-107072186A10}.Debug|x86.ActiveCfg = Debug|Any CPU
		{1A7DD7A7-00D1-4906-A4F9-107072186A10}.Debug|x86.Build.0 = Debug|Any CPU
		{1A7DD7A7-00D1-4906-A4F9-107072186A10}.Release|Any CPU.ActiveCfg = Release|Any CPU
		{1A7DD7A7-00D1-4906-A4F9-107072186A10}.Release|Any CPU.Build.0 = Release|Any CPU
		{1A7DD7A7-00D1-4906-A4F9-107072186A10}.Release|x64.ActiveCfg = Release|Any CPU
		{1A7DD7A7-00D1-4906-A4F9-107072186A10}.Release|x64.Build.0 = Release|Any CPU
		{1A7DD7A7-00D1-4906-A4F9-107072186A10}.Release|x86.ActiveCfg = Release|Any CPU
		{1A7DD7A7-00D1-4906-A4F9-107072186A10}.Release|x86.Build.0 = Release|Any CPU
		{E90380BB-215E-4C68-80D0-85074110082A}.Debug|Any CPU.ActiveCfg = Debug|Any CPU
		{E90380BB-215E-4C68-80D0-85074110082A}.Debug|Any CPU.Build.0 = Debug|Any CPU
		{E90380BB-215E-4C68-80D0-85074110082A}.Debug|x64.ActiveCfg = Debug|Any CPU
		{E90380BB-215E-4C68-80D0-85074110082A}.Debug|x64.Build.0 = Debug|Any CPU
		{E90380BB-215E-4C68-80D0-85074110082A}.Debug|x86.ActiveCfg = Debug|Any CPU
		{E90380BB-215E-4C68-80D0-85074110082A}.Debug|x86.Build.0 = Debug|Any CPU
		{E90380BB-215E-4C68-80D0-85074110082A}.Release|Any CPU.ActiveCfg = Release|Any CPU
		{E90380BB-215E-4C68-80D0-85074110082A}.Release|Any CPU.Build.0 = Release|Any CPU
		{E90380BB-215E-4C68-80D0-85074110082A}.Release|x64.ActiveCfg = Release|Any CPU
		{E90380BB-215E-4C68-80D0-85074110082A}.Release|x64.Build.0 = Release|Any CPU
		{E90380BB-215E-4C68-80D0-85074110082A}.Release|x86.ActiveCfg = Release|Any CPU
		{E90380BB-215E-4C68-80D0-85074110082A}.Release|x86.Build.0 = Release|Any CPU
		{BF28BE4E-5B97-43C0-A993-2F5F705D12AD}.Debug|Any CPU.ActiveCfg = Debug|Any CPU
		{BF28BE4E-5B97-43C0-A993-2F5F705D12AD}.Debug|Any CPU.Build.0 = Debug|Any CPU
		{BF28BE4E-5B97-43C0-A993-2F5F705D12AD}.Debug|x64.ActiveCfg = Debug|Any CPU
		{BF28BE4E-5B97-43C0-A993-2F5F705D12AD}.Debug|x64.Build.0 = Debug|Any CPU
		{BF28BE4E-5B97-43C0-A993-2F5F705D12AD}.Debug|x86.ActiveCfg = Debug|Any CPU
		{BF28BE4E-5B97-43C0-A993-2F5F705D12AD}.Debug|x86.Build.0 = Debug|Any CPU
		{BF28BE4E-5B97-43C0-A993-2F5F705D12AD}.Release|Any CPU.ActiveCfg = Release|Any CPU
		{BF28BE4E-5B97-43C0-A993-2F5F705D12AD}.Release|Any CPU.Build.0 = Release|Any CPU
		{BF28BE4E-5B97-43C0-A993-2F5F705D12AD}.Release|x64.ActiveCfg = Release|Any CPU
		{BF28BE4E-5B97-43C0-A993-2F5F705D12AD}.Release|x64.Build.0 = Release|Any CPU
		{BF28BE4E-5B97-43C0-A993-2F5F705D12AD}.Release|x86.ActiveCfg = Release|Any CPU
		{BF28BE4E-5B97-43C0-A993-2F5F705D12AD}.Release|x86.Build.0 = Release|Any CPU
		{08F6CDD0-743F-4208-B2F3-B3E3B2ABACFD}.Debug|Any CPU.ActiveCfg = Debug|Any CPU
		{08F6CDD0-743F-4208-B2F3-B3E3B2ABACFD}.Debug|Any CPU.Build.0 = Debug|Any CPU
		{08F6CDD0-743F-4208-B2F3-B3E3B2ABACFD}.Debug|x64.ActiveCfg = Debug|Any CPU
		{08F6CDD0-743F-4208-B2F3-B3E3B2ABACFD}.Debug|x64.Build.0 = Debug|Any CPU
		{08F6CDD0-743F-4208-B2F3-B3E3B2ABACFD}.Debug|x86.ActiveCfg = Debug|Any CPU
		{08F6CDD0-743F-4208-B2F3-B3E3B2ABACFD}.Debug|x86.Build.0 = Debug|Any CPU
		{08F6CDD0-743F-4208-B2F3-B3E3B2ABACFD}.Release|Any CPU.ActiveCfg = Release|Any CPU
		{08F6CDD0-743F-4208-B2F3-B3E3B2ABACFD}.Release|Any CPU.Build.0 = Release|Any CPU
		{08F6CDD0-743F-4208-B2F3-B3E3B2ABACFD}.Release|x64.ActiveCfg = Release|Any CPU
		{08F6CDD0-743F-4208-B2F3-B3E3B2ABACFD}.Release|x64.Build.0 = Release|Any CPU
		{08F6CDD0-743F-4208-B2F3-B3E3B2ABACFD}.Release|x86.ActiveCfg = Release|Any CPU
		{08F6CDD0-743F-4208-B2F3-B3E3B2ABACFD}.Release|x86.Build.0 = Release|Any CPU
		{79A4A075-4A89-4AAD-8FDD-FD7C21E12B30}.Debug|Any CPU.ActiveCfg = Debug|Any CPU
		{79A4A075-4A89-4AAD-8FDD-FD7C21E12B30}.Debug|Any CPU.Build.0 = Debug|Any CPU
		{79A4A075-4A89-4AAD-8FDD-FD7C21E12B30}.Debug|x64.ActiveCfg = Debug|Any CPU
		{79A4A075-4A89-4AAD-8FDD-FD7C21E12B30}.Debug|x64.Build.0 = Debug|Any CPU
		{79A4A075-4A89-4AAD-8FDD-FD7C21E12B30}.Debug|x86.ActiveCfg = Debug|Any CPU
		{79A4A075-4A89-4AAD-8FDD-FD7C21E12B30}.Debug|x86.Build.0 = Debug|Any CPU
		{79A4A075-4A89-4AAD-8FDD-FD7C21E12B30}.Release|Any CPU.ActiveCfg = Release|Any CPU
		{79A4A075-4A89-4AAD-8FDD-FD7C21E12B30}.Release|Any CPU.Build.0 = Release|Any CPU
		{79A4A075-4A89-4AAD-8FDD-FD7C21E12B30}.Release|x64.ActiveCfg = Release|Any CPU
		{79A4A075-4A89-4AAD-8FDD-FD7C21E12B30}.Release|x64.Build.0 = Release|Any CPU
		{79A4A075-4A89-4AAD-8FDD-FD7C21E12B30}.Release|x86.ActiveCfg = Release|Any CPU
		{79A4A075-4A89-4AAD-8FDD-FD7C21E12B30}.Release|x86.Build.0 = Release|Any CPU
		{C406FF51-7108-4213-8DEF-6F40FB18F014}.Debug|Any CPU.ActiveCfg = Debug|Any CPU
		{C406FF51-7108-4213-8DEF-6F40FB18F014}.Debug|Any CPU.Build.0 = Debug|Any CPU
		{C406FF51-7108-4213-8DEF-6F40FB18F014}.Debug|x64.ActiveCfg = Debug|Any CPU
		{C406FF51-7108-4213-8DEF-6F40FB18F014}.Debug|x64.Build.0 = Debug|Any CPU
		{C406FF51-7108-4213-8DEF-6F40FB18F014}.Debug|x86.ActiveCfg = Debug|Any CPU
		{C406FF51-7108-4213-8DEF-6F40FB18F014}.Debug|x86.Build.0 = Debug|Any CPU
		{C406FF51-7108-4213-8DEF-6F40FB18F014}.Release|Any CPU.ActiveCfg = Release|Any CPU
		{C406FF51-7108-4213-8DEF-6F40FB18F014}.Release|Any CPU.Build.0 = Release|Any CPU
		{C406FF51-7108-4213-8DEF-6F40FB18F014}.Release|x64.ActiveCfg = Release|Any CPU
		{C406FF51-7108-4213-8DEF-6F40FB18F014}.Release|x64.Build.0 = Release|Any CPU
		{C406FF51-7108-4213-8DEF-6F40FB18F014}.Release|x86.ActiveCfg = Release|Any CPU
		{C406FF51-7108-4213-8DEF-6F40FB18F014}.Release|x86.Build.0 = Release|Any CPU
		{D937C042-295D-4897-A157-D48DF147BDB0}.Debug|Any CPU.ActiveCfg = Debug|Any CPU
		{D937C042-295D-4897-A157-D48DF147BDB0}.Debug|Any CPU.Build.0 = Debug|Any CPU
		{D937C042-295D-4897-A157-D48DF147BDB0}.Debug|x64.ActiveCfg = Debug|Any CPU
		{D937C042-295D-4897-A157-D48DF147BDB0}.Debug|x64.Build.0 = Debug|Any CPU
		{D937C042-295D-4897-A157-D48DF147BDB0}.Debug|x86.ActiveCfg = Debug|Any CPU
		{D937C042-295D-4897-A157-D48DF147BDB0}.Debug|x86.Build.0 = Debug|Any CPU
		{D937C042-295D-4897-A157-D48DF147BDB0}.Release|Any CPU.ActiveCfg = Release|Any CPU
		{D937C042-295D-4897-A157-D48DF147BDB0}.Release|Any CPU.Build.0 = Release|Any CPU
		{D937C042-295D-4897-A157-D48DF147BDB0}.Release|x64.ActiveCfg = Release|Any CPU
		{D937C042-295D-4897-A157-D48DF147BDB0}.Release|x64.Build.0 = Release|Any CPU
		{D937C042-295D-4897-A157-D48DF147BDB0}.Release|x86.ActiveCfg = Release|Any CPU
		{D937C042-295D-4897-A157-D48DF147BDB0}.Release|x86.Build.0 = Release|Any CPU
		{D880188E-9F7B-4E3C-9E0E-66C3794F640D}.Debug|Any CPU.ActiveCfg = Debug|Any CPU
		{D880188E-9F7B-4E3C-9E0E-66C3794F640D}.Debug|Any CPU.Build.0 = Debug|Any CPU
		{D880188E-9F7B-4E3C-9E0E-66C3794F640D}.Debug|x64.ActiveCfg = Debug|Any CPU
		{D880188E-9F7B-4E3C-9E0E-66C3794F640D}.Debug|x64.Build.0 = Debug|Any CPU
		{D880188E-9F7B-4E3C-9E0E-66C3794F640D}.Debug|x86.ActiveCfg = Debug|Any CPU
		{D880188E-9F7B-4E3C-9E0E-66C3794F640D}.Debug|x86.Build.0 = Debug|Any CPU
		{D880188E-9F7B-4E3C-9E0E-66C3794F640D}.Release|Any CPU.ActiveCfg = Release|Any CPU
		{D880188E-9F7B-4E3C-9E0E-66C3794F640D}.Release|Any CPU.Build.0 = Release|Any CPU
		{D880188E-9F7B-4E3C-9E0E-66C3794F640D}.Release|x64.ActiveCfg = Release|Any CPU
		{D880188E-9F7B-4E3C-9E0E-66C3794F640D}.Release|x64.Build.0 = Release|Any CPU
		{D880188E-9F7B-4E3C-9E0E-66C3794F640D}.Release|x86.ActiveCfg = Release|Any CPU
		{D880188E-9F7B-4E3C-9E0E-66C3794F640D}.Release|x86.Build.0 = Release|Any CPU
		{F3097B40-6DCD-4E0D-B4EF-962F9ED3715F}.Debug|Any CPU.ActiveCfg = Debug|Any CPU
		{F3097B40-6DCD-4E0D-B4EF-962F9ED3715F}.Debug|Any CPU.Build.0 = Debug|Any CPU
		{F3097B40-6DCD-4E0D-B4EF-962F9ED3715F}.Debug|x64.ActiveCfg = Debug|Any CPU
		{F3097B40-6DCD-4E0D-B4EF-962F9ED3715F}.Debug|x64.Build.0 = Debug|Any CPU
		{F3097B40-6DCD-4E0D-B4EF-962F9ED3715F}.Debug|x86.ActiveCfg = Debug|Any CPU
		{F3097B40-6DCD-4E0D-B4EF-962F9ED3715F}.Debug|x86.Build.0 = Debug|Any CPU
		{F3097B40-6DCD-4E0D-B4EF-962F9ED3715F}.Release|Any CPU.ActiveCfg = Release|Any CPU
		{F3097B40-6DCD-4E0D-B4EF-962F9ED3715F}.Release|Any CPU.Build.0 = Release|Any CPU
		{F3097B40-6DCD-4E0D-B4EF-962F9ED3715F}.Release|x64.ActiveCfg = Release|Any CPU
		{F3097B40-6DCD-4E0D-B4EF-962F9ED3715F}.Release|x64.Build.0 = Release|Any CPU
		{F3097B40-6DCD-4E0D-B4EF-962F9ED3715F}.Release|x86.ActiveCfg = Release|Any CPU
		{F3097B40-6DCD-4E0D-B4EF-962F9ED3715F}.Release|x86.Build.0 = Release|Any CPU
		{F198FF06-A8E2-4DEA-8542-2204A594C713}.Debug|Any CPU.ActiveCfg = Debug|Any CPU
		{F198FF06-A8E2-4DEA-8542-2204A594C713}.Debug|Any CPU.Build.0 = Debug|Any CPU
		{F198FF06-A8E2-4DEA-8542-2204A594C713}.Debug|x64.ActiveCfg = Debug|Any CPU
		{F198FF06-A8E2-4DEA-8542-2204A594C713}.Debug|x64.Build.0 = Debug|Any CPU
		{F198FF06-A8E2-4DEA-8542-2204A594C713}.Debug|x86.ActiveCfg = Debug|Any CPU
		{F198FF06-A8E2-4DEA-8542-2204A594C713}.Debug|x86.Build.0 = Debug|Any CPU
		{F198FF06-A8E2-4DEA-8542-2204A594C713}.Release|Any CPU.ActiveCfg = Release|Any CPU
		{F198FF06-A8E2-4DEA-8542-2204A594C713}.Release|Any CPU.Build.0 = Release|Any CPU
		{F198FF06-A8E2-4DEA-8542-2204A594C713}.Release|x64.ActiveCfg = Release|Any CPU
		{F198FF06-A8E2-4DEA-8542-2204A594C713}.Release|x64.Build.0 = Release|Any CPU
		{F198FF06-A8E2-4DEA-8542-2204A594C713}.Release|x86.ActiveCfg = Release|Any CPU
		{F198FF06-A8E2-4DEA-8542-2204A594C713}.Release|x86.Build.0 = Release|Any CPU
		{44EB6F52-16F1-44AB-A2AE-09945CC43C96}.Debug|Any CPU.ActiveCfg = Debug|Any CPU
		{44EB6F52-16F1-44AB-A2AE-09945CC43C96}.Debug|Any CPU.Build.0 = Debug|Any CPU
		{44EB6F52-16F1-44AB-A2AE-09945CC43C96}.Debug|x64.ActiveCfg = Debug|Any CPU
		{44EB6F52-16F1-44AB-A2AE-09945CC43C96}.Debug|x64.Build.0 = Debug|Any CPU
		{44EB6F52-16F1-44AB-A2AE-09945CC43C96}.Debug|x86.ActiveCfg = Debug|Any CPU
		{44EB6F52-16F1-44AB-A2AE-09945CC43C96}.Debug|x86.Build.0 = Debug|Any CPU
		{44EB6F52-16F1-44AB-A2AE-09945CC43C96}.Release|Any CPU.ActiveCfg = Release|Any CPU
		{44EB6F52-16F1-44AB-A2AE-09945CC43C96}.Release|Any CPU.Build.0 = Release|Any CPU
		{44EB6F52-16F1-44AB-A2AE-09945CC43C96}.Release|x64.ActiveCfg = Release|Any CPU
		{44EB6F52-16F1-44AB-A2AE-09945CC43C96}.Release|x64.Build.0 = Release|Any CPU
		{44EB6F52-16F1-44AB-A2AE-09945CC43C96}.Release|x86.ActiveCfg = Release|Any CPU
		{44EB6F52-16F1-44AB-A2AE-09945CC43C96}.Release|x86.Build.0 = Release|Any CPU
		{678C07DA-E27F-4077-82F1-791DE13F0F8A}.Debug|Any CPU.ActiveCfg = Debug|Any CPU
		{678C07DA-E27F-4077-82F1-791DE13F0F8A}.Debug|Any CPU.Build.0 = Debug|Any CPU
		{678C07DA-E27F-4077-82F1-791DE13F0F8A}.Debug|x64.ActiveCfg = Debug|Any CPU
		{678C07DA-E27F-4077-82F1-791DE13F0F8A}.Debug|x64.Build.0 = Debug|Any CPU
		{678C07DA-E27F-4077-82F1-791DE13F0F8A}.Debug|x86.ActiveCfg = Debug|Any CPU
		{678C07DA-E27F-4077-82F1-791DE13F0F8A}.Debug|x86.Build.0 = Debug|Any CPU
		{678C07DA-E27F-4077-82F1-791DE13F0F8A}.Release|Any CPU.ActiveCfg = Release|Any CPU
		{678C07DA-E27F-4077-82F1-791DE13F0F8A}.Release|Any CPU.Build.0 = Release|Any CPU
		{678C07DA-E27F-4077-82F1-791DE13F0F8A}.Release|x64.ActiveCfg = Release|Any CPU
		{678C07DA-E27F-4077-82F1-791DE13F0F8A}.Release|x64.Build.0 = Release|Any CPU
		{678C07DA-E27F-4077-82F1-791DE13F0F8A}.Release|x86.ActiveCfg = Release|Any CPU
		{678C07DA-E27F-4077-82F1-791DE13F0F8A}.Release|x86.Build.0 = Release|Any CPU
		{1DFAB7CA-6677-4B80-8CA6-BB9C0C039A77}.Debug|Any CPU.ActiveCfg = Debug|Any CPU
		{1DFAB7CA-6677-4B80-8CA6-BB9C0C039A77}.Debug|Any CPU.Build.0 = Debug|Any CPU
		{1DFAB7CA-6677-4B80-8CA6-BB9C0C039A77}.Debug|x64.ActiveCfg = Debug|Any CPU
		{1DFAB7CA-6677-4B80-8CA6-BB9C0C039A77}.Debug|x64.Build.0 = Debug|Any CPU
		{1DFAB7CA-6677-4B80-8CA6-BB9C0C039A77}.Debug|x86.ActiveCfg = Debug|Any CPU
		{1DFAB7CA-6677-4B80-8CA6-BB9C0C039A77}.Debug|x86.Build.0 = Debug|Any CPU
		{1DFAB7CA-6677-4B80-8CA6-BB9C0C039A77}.Release|Any CPU.ActiveCfg = Release|Any CPU
		{1DFAB7CA-6677-4B80-8CA6-BB9C0C039A77}.Release|Any CPU.Build.0 = Release|Any CPU
		{1DFAB7CA-6677-4B80-8CA6-BB9C0C039A77}.Release|x64.ActiveCfg = Release|Any CPU
		{1DFAB7CA-6677-4B80-8CA6-BB9C0C039A77}.Release|x64.Build.0 = Release|Any CPU
		{1DFAB7CA-6677-4B80-8CA6-BB9C0C039A77}.Release|x86.ActiveCfg = Release|Any CPU
		{1DFAB7CA-6677-4B80-8CA6-BB9C0C039A77}.Release|x86.Build.0 = Release|Any CPU
	EndGlobalSection
	GlobalSection(SolutionProperties) = preSolution
		HideSolutionNode = FALSE
	EndGlobalSection
	GlobalSection(NestedProjects) = preSolution
		{1A5ED6D5-6D7F-4119-912E-E07B0E4FC05F} = {827E0CD3-B72D-47B6-A68D-7590B98EB39B}
		{2EA9D887-4C64-4C33-A3E9-FE6D1D62A44A} = {827E0CD3-B72D-47B6-A68D-7590B98EB39B}
		{9D120F93-010D-4030-9CD8-1F7F6F20002A} = {827E0CD3-B72D-47B6-A68D-7590B98EB39B}
		{E9E57FB0-385A-40FE-AFC9-DBA02B6A7D7A} = {827E0CD3-B72D-47B6-A68D-7590B98EB39B}
		{2A9618F4-DD5E-4757-ADDD-827A4F08973C} = {0AB3BF05-4346-4AA6-1389-037BE0695223}
		{4586E026-A9D5-4E98-8BC7-B2BBC8F4C672} = {0AB3BF05-4346-4AA6-1389-037BE0695223}
		{DDEAD99C-A792-4750-82C3-9E7828C570BF} = {0AB3BF05-4346-4AA6-1389-037BE0695223}
		{FAC9D1BC-0C61-4B56-9A1B-8A1592EDEDDA} = {0AB3BF05-4346-4AA6-1389-037BE0695223}
		{E158FB50-1E13-4BF2-85ED-7C74BBB6C1EB} = {827E0CD3-B72D-47B6-A68D-7590B98EB39B}
		{1A7DD7A7-00D1-4906-A4F9-107072186A10} = {0AB3BF05-4346-4AA6-1389-037BE0695223}
		{E90380BB-215E-4C68-80D0-85074110082A} = {827E0CD3-B72D-47B6-A68D-7590B98EB39B}
		{BF28BE4E-5B97-43C0-A993-2F5F705D12AD} = {0AB3BF05-4346-4AA6-1389-037BE0695223}
		{08F6CDD0-743F-4208-B2F3-B3E3B2ABACFD} = {827E0CD3-B72D-47B6-A68D-7590B98EB39B}
		{79A4A075-4A89-4AAD-8FDD-FD7C21E12B30} = {0AB3BF05-4346-4AA6-1389-037BE0695223}
		{C406FF51-7108-4213-8DEF-6F40FB18F014} = {827E0CD3-B72D-47B6-A68D-7590B98EB39B}
		{D937C042-295D-4897-A157-D48DF147BDB0} = {827E0CD3-B72D-47B6-A68D-7590B98EB39B}
		{D880188E-9F7B-4E3C-9E0E-66C3794F640D} = {0AB3BF05-4346-4AA6-1389-037BE0695223}
		{F3097B40-6DCD-4E0D-B4EF-962F9ED3715F} = {827E0CD3-B72D-47B6-A68D-7590B98EB39B}
		{F198FF06-A8E2-4DEA-8542-2204A594C713} = {827E0CD3-B72D-47B6-A68D-7590B98EB39B}
		{44EB6F52-16F1-44AB-A2AE-09945CC43C96} = {0AB3BF05-4346-4AA6-1389-037BE0695223}
		{678C07DA-E27F-4077-82F1-791DE13F0F8A} = {827E0CD3-B72D-47B6-A68D-7590B98EB39B}
		{1DFAB7CA-6677-4B80-8CA6-BB9C0C039A77} = {827E0CD3-B72D-47B6-A68D-7590B98EB39B}
	EndGlobalSection
EndGlobal
