
Microsoft Visual Studio Solution File, Format Version 12.00
# Visual Studio Version 17
VisualStudioVersion = 17.0.31903.59
MinimumVisualStudioVersion = 10.0.40219.1
Project("{2150E333-8FDC-42A3-9474-1A3956D46DE8}") = "src", "src", "{827E0CD3-B72D-47B6-A68D-7590B98EB39B}"
EndProject
Project("{FAE04EC0-301F-11D3-BF4B-00C04F79EFBC}") = "AetherXIV.Protocol", "src\AetherXIV.Protocol\AetherXIV.Protocol.csproj", "{1A5ED6D5-6D7F-4119-912E-E07B0E4FC05F}"
EndProject
Project("{FAE04EC0-301F-11D3-BF4B-00C04F79EFBC}") = "AetherXIV.Core", "src\AetherXIV.Core\AetherXIV.Core.csproj", "{2EA9D887-4C64-4C33-A3E9-FE6D1D62A44A}"
EndProject
Project("{FAE04EC0-301F-11D3-BF4B-00C04F79EFBC}") = "AetherXIV.Data", "src\AetherXIV.Data\AetherXIV.Data.csproj", "{9D120F93-010D-4030-9CD8-1F7F6F20002A}"
EndProject
Project("{FAE04EC0-301F-11D3-BF4B-00C04F79EFBC}") = "AetherXIV.Scripting", "src\AetherXIV.Scripting\AetherXIV.Scripting.csproj", "{72D7771F-B157-4696-919B-1D57311796D6}"
EndProject
Project("{FAE04EC0-301F-11D3-BF4B-00C04F79EFBC}") = "AetherXIV.Server.Hosting", "src\AetherXIV.Server.Hosting\AetherXIV.Server.Hosting.csproj", "{E9E57FB0-385A-40FE-AFC9-DBA02B6A7D7A}"
EndProject
Project("{FAE04EC0-301F-11D3-BF4B-00C04F79EFBC}") = "AetherXIV.Lobby", "src\AetherXIV.Lobby\AetherXIV.Lobby.csproj", "{5A148E01-0696-4EFB-BA7E-C5EA2F931B80}"
EndProject
Project("{FAE04EC0-301F-11D3-BF4B-00C04F79EFBC}") = "AetherXIV.World", "src\AetherXIV.World\AetherXIV.World.csproj", "{4FE4F090-C779-48F6-A846-DF6C50687B24}"
EndProject
Project("{FAE04EC0-301F-11D3-BF4B-00C04F79EFBC}") = "AetherXIV.Map", "src\AetherXIV.Map\AetherXIV.Map.csproj", "{5D553597-F3A7-4C62-85D8-45259EFCEDC1}"
EndProject
Project("{FAE04EC0-301F-11D3-BF4B-00C04F79EFBC}") = "EchoGate.Next.Core", "src\EchoGate.Next.Core\EchoGate.Next.Core.csproj", "{304336B4-01A1-455C-A9A9-44675D7034E5}"
EndProject
Project("{2150E333-8FDC-42A3-9474-1A3956D46DE8}") = "tests", "tests", "{0AB3BF05-4346-4AA6-1389-037BE0695223}"
EndProject
Project("{FAE04EC0-301F-11D3-BF4B-00C04F79EFBC}") = "AetherXIV.Protocol.Tests", "tests\AetherXIV.Protocol.Tests\AetherXIV.Protocol.Tests.csproj", "{2A9618F4-DD5E-4757-ADDD-827A4F08973C}"
EndProject
Project("{FAE04EC0-301F-11D3-BF4B-00C04F79EFBC}") = "AetherXIV.Data.Tests", "tests\AetherXIV.Data.Tests\AetherXIV.Data.Tests.csproj", "{4586E026-A9D5-4E98-8BC7-B2BBC8F4C672}"
EndProject
Project("{FAE04EC0-301F-11D3-BF4B-00C04F79EFBC}") = "AetherXIV.Scripting.Tests", "tests\AetherXIV.Scripting.Tests\AetherXIV.Scripting.Tests.csproj", "{56901666-A680-409D-8CB7-A5587FB438A3}"
EndProject
Project("{FAE04EC0-301F-11D3-BF4B-00C04F79EFBC}") = "AetherXIV.Compatibility.Tests", "tests\AetherXIV.Compatibility.Tests\AetherXIV.Compatibility.Tests.csproj", "{D64E91A4-C597-465E-9B2E-FA6DE7C1A082}"
EndProject
Project("{FAE04EC0-301F-11D3-BF4B-00C04F79EFBC}") = "AetherXIV.Core.Tests", "tests\AetherXIV.Core.Tests\AetherXIV.Core.Tests.csproj", "{DDEAD99C-A792-4750-82C3-9E7828C570BF}"
EndProject
Project("{FAE04EC0-301F-11D3-BF4B-00C04F79EFBC}") = "AetherXIV.Server.Hosting.Tests", "tests\AetherXIV.Server.Hosting.Tests\AetherXIV.Server.Hosting.Tests.csproj", "{FAC9D1BC-0C61-4B56-9A1B-8A1592EDEDDA}"
EndProject
Project("{FAE04EC0-301F-11D3-BF4B-00C04F79EFBC}") = "AetherXIV.Lobby.Tests", "tests\AetherXIV.Lobby.Tests\AetherXIV.Lobby.Tests.csproj", "{739AE2C3-11C1-4415-930C-CBACD1E6E126}"
EndProject
Project("{FAE04EC0-301F-11D3-BF4B-00C04F79EFBC}") = "AetherXIV.World.Tests", "tests\AetherXIV.World.Tests\AetherXIV.World.Tests.csproj", "{2C6919B6-5547-4123-A7DA-73E9F958F2AD}"
EndProject
Project("{FAE04EC0-301F-11D3-BF4B-00C04F79EFBC}") = "AetherXIV.Map.Tests", "tests\AetherXIV.Map.Tests\AetherXIV.Map.Tests.csproj", "{AC56D39B-CD00-4E3D-A142-97CE3C25C7C9}"
EndProject
Project("{FAE04EC0-301F-11D3-BF4B-00C04F79EFBC}") = "EchoGate.Next.Core.Tests", "tests\EchoGate.Next.Core.Tests\EchoGate.Next.Core.Tests.csproj", "{59110235-C954-45B8-800E-6C07348BA61F}"
EndProject
Project("{FAE04EC0-301F-11D3-BF4B-00C04F79EFBC}") = "AetherXIV.Compatibility", "src\AetherXIV.Compatibility\AetherXIV.Compatibility.csproj", "{E6353A99-3A9C-4F85-A1D7-B276CE54A9A7}"
EndProject
Project("{FAE04EC0-301F-11D3-BF4B-00C04F79EFBC}") = "AetherXIV.Server.Host", "src\AetherXIV.Server.Host\AetherXIV.Server.Host.csproj", "{B967F6DF-54EA-4107-A4E8-1794CC032B61}"
EndProject
Project("{FAE04EC0-301F-11D3-BF4B-00C04F79EFBC}") = "AetherXIV.Server.Host.Tests", "tests\AetherXIV.Server.Host.Tests\AetherXIV.Server.Host.Tests.csproj", "{C9160DEB-3FEC-4763-AA3A-08F8036CEBB5}"
EndProject
Global
	GlobalSection(SolutionConfigurationPlatforms) = preSolution
		Debug|Any CPU = Debug|Any CPU
		Debug|x64 = Debug|x64
		Debug|x86 = Debug|x86
		Release|Any CPU = Release|Any CPU
		Release|x64 = Release|x64
		Release|x86 = Release|x86
	EndGlobalSection
	GlobalSection(ProjectConfigurationPlatforms) = postSolution
		{1A5ED6D5-6D7F-4119-912E-E07B0E4FC05F}.Debug|Any CPU.ActiveCfg = Debug|Any CPU
		{1A5ED6D5-6D7F-4119-912E-E07B0E4FC05F}.Debug|Any CPU.Build.0 = Debug|Any CPU
		{1A5ED6D5-6D7F-4119-912E-E07B0E4FC05F}.Debug|x64.ActiveCfg = Debug|Any CPU
		{1A5ED6D5-6D7F-4119-912E-E07B0E4FC05F}.Debug|x64.Build.0 = Debug|Any CPU
		{1A5ED6D5-6D7F-4119-912E-E07B0E4FC05F}.Debug|x86.ActiveCfg = Debug|Any CPU
		{1A5ED6D5-6D7F-4119-912E-E07B0E4FC05F}.Debug|x86.Build.0 = Debug|Any CPU
		{1A5ED6D5-6D7F-4119-912E-E07B0E4FC05F}.Release|Any CPU.ActiveCfg = Release|Any CPU
		{1A5ED6D5-6D7F-4119-912E-E07B0E4FC05F}.Release|Any CPU.Build.0 = Release|Any CPU
		{1A5ED6D5-6D7F-4119-912E-E07B0E4FC05F}.Release|x64.ActiveCfg = Release|Any CPU
		{1A5ED6D5-6D7F-4119-912E-E07B0E4FC05F}.Release|x64.Build.0 = Release|Any CPU
		{1A5ED6D5-6D7F-4119-912E-E07B0E4FC05F}.Release|x86.ActiveCfg = Release|Any CPU
		{1A5ED6D5-6D7F-4119-912E-E07B0E4FC05F}.Release|x86.Build.0 = Release|Any CPU
		{2EA9D887-4C64-4C33-A3E9-FE6D1D62A44A}.Debug|Any CPU.ActiveCfg = Debug|Any CPU
		{2EA9D887-4C64-4C33-A3E9-FE6D1D62A44A}.Debug|Any CPU.Build.0 = Debug|Any CPU
		{2EA9D887-4C64-4C33-A3E9-FE6D1D62A44A}.Debug|x64.ActiveCfg = Debug|Any CPU
		{2EA9D887-4C64-4C33-A3E9-FE6D1D62A44A}.Debug|x64.Build.0 = Debug|Any CPU
		{2EA9D887-4C64-4C33-A3E9-FE6D1D62A44A}.Debug|x86.ActiveCfg = Debug|Any CPU
		{2EA9D887-4C64-4C33-A3E9-FE6D1D62A44A}.Debug|x86.Build.0 = Debug|Any CPU
		{2EA9D887-4C64-4C33-A3E9-FE6D1D62A44A}.Release|Any CPU.ActiveCfg = Release|Any CPU
		{2EA9D887-4C64-4C33-A3E9-FE6D1D62A44A}.Release|Any CPU.Build.0 = Release|Any CPU
		{2EA9D887-4C64-4C33-A3E9-FE6D1D62A44A}.Release|x64.ActiveCfg = Release|Any CPU
		{2EA9D887-4C64-4C33-A3E9-FE6D1D62A44A}.Release|x64.Build.0 = Release|Any CPU
		{2EA9D887-4C64-4C33-A3E9-FE6D1D62A44A}.Release|x86.ActiveCfg = Release|Any CPU
		{2EA9D887-4C64-4C33-A3E9-FE6D1D62A44A}.Release|x86.Build.0 = Release|Any CPU
		{9D120F93-010D-4030-9CD8-1F7F6F20002A}.Debug|Any CPU.ActiveCfg = Debug|Any CPU
		{9D120F93-010D-4030-9CD8-1F7F6F20002A}.Debug|Any CPU.Build.0 = Debug|Any CPU
		{9D120F93-010D-4030-9CD8-1F7F6F20002A}.Debug|x64.ActiveCfg = Debug|Any CPU
		{9D120F93-010D-4030-9CD8-1F7F6F20002A}.Debug|x64.Build.0 = Debug|Any CPU
		{9D120F93-010D-4030-9CD8-1F7F6F20002A}.Debug|x86.ActiveCfg = Debug|Any CPU
		{9D120F93-010D-4030-9CD8-1F7F6F20002A}.Debug|x86.Build.0 = Debug|Any CPU
		{9D120F93-010D-4030-9CD8-1F7F6F20002A}.Release|Any CPU.ActiveCfg = Release|Any CPU
		{9D120F93-010D-4030-9CD8-1F7F6F20002A}.Release|Any CPU.Build.0 = Release|Any CPU
		{9D120F93-010D-4030-9CD8-1F7F6F20002A}.Release|x64.ActiveCfg = Release|Any CPU
		{9D120F93-010D-4030-9CD8-1F7F6F20002A}.Release|x64.Build.0 = Release|Any CPU
		{9D120F93-010D-4030-9CD8-1F7F6F20002A}.Release|x86.ActiveCfg = Release|Any CPU
		{9D120F93-010D-4030-9CD8-1F7F6F20002A}.Release|x86.Build.0 = Release|Any CPU
		{72D7771F-B157-4696-919B-1D57311796D6}.Debug|Any CPU.ActiveCfg = Debug|Any CPU
		{72D7771F-B157-4696-919B-1D57311796D6}.Debug|Any CPU.Build.0 = Debug|Any CPU
		{72D7771F-B157-4696-919B-1D57311796D6}.Debug|x64.ActiveCfg = Debug|Any CPU
		{72D7771F-B157-4696-919B-1D57311796D6}.Debug|x64.Build.0 = Debug|Any CPU
		{72D7771F-B157-4696-919B-1D57311796D6}.Debug|x86.ActiveCfg = Debug|Any CPU
		{72D7771F-B157-4696-919B-1D57311796D6}.Debug|x86.Build.0 = Debug|Any CPU
		{72D7771F-B157-4696-919B-1D57311796D6}.Release|Any CPU.ActiveCfg = Release|Any CPU
		{72D7771F-B157-4696-919B-1D57311796D6}.Release|Any CPU.Build.0 = Release|Any CPU
		{72D7771F-B157-4696-919B-1D57311796D6}.Release|x64.ActiveCfg = Release|Any CPU
		{72D7771F-B157-4696-919B-1D57311796D6}.Release|x64.Build.0 = Release|Any CPU
		{72D7771F-B157-4696-919B-1D57311796D6}.Release|x86.ActiveCfg = Release|Any CPU
		{72D7771F-B157-4696-919B-1D57311796D6}.Release|x86.Build.0 = Release|Any CPU
		{E9E57FB0-385A-40FE-AFC9-DBA02B6A7D7A}.Debug|Any CPU.ActiveCfg = Debug|Any CPU
		{E9E57FB0-385A-40FE-AFC9-DBA02B6A7D7A}.Debug|Any CPU.Build.0 = Debug|Any CPU
		{E9E57FB0-385A-40FE-AFC9-DBA02B6A7D7A}.Debug|x64.ActiveCfg = Debug|Any CPU
		{E9E57FB0-385A-40FE-AFC9-DBA02B6A7D7A}.Debug|x64.Build.0 = Debug|Any CPU
		{E9E57FB0-385A-40FE-AFC9-DBA02B6A7D7A}.Debug|x86.ActiveCfg = Debug|Any CPU
		{E9E57FB0-385A-40FE-AFC9-DBA02B6A7D7A}.Debug|x86.Build.0 = Debug|Any CPU
		{E9E57FB0-385A-40FE-AFC9-DBA02B6A7D7A}.Release|Any CPU.ActiveCfg = Release|Any CPU
		{E9E57FB0-385A-40FE-AFC9-DBA02B6A7D7A}.Release|Any CPU.Build.0 = Release|Any CPU
		{E9E57FB0-385A-40FE-AFC9-DBA02B6A7D7A}.Release|x64.ActiveCfg = Release|Any CPU
		{E9E57FB0-385A-40FE-AFC9-DBA02B6A7D7A}.Release|x64.Build.0 = Release|Any CPU
		{E9E57FB0-385A-40FE-AFC9-DBA02B6A7D7A}.Release|x86.ActiveCfg = Release|Any CPU
		{E9E57FB0-385A-40FE-AFC9-DBA02B6A7D7A}.Release|x86.Build.0 = Release|Any CPU
		{5A148E01-0696-4EFB-BA7E-C5EA2F931B80}.Debug|Any CPU.ActiveCfg = Debug|Any CPU
		{5A148E01-0696-4EFB-BA7E-C5EA2F931B80}.Debug|Any CPU.Build.0 = Debug|Any CPU
		{5A148E01-0696-4EFB-BA7E-C5EA2F931B80}.Debug|x64.ActiveCfg = Debug|Any CPU
		{5A148E01-0696-4EFB-BA7E-C5EA2F931B80}.Debug|x64.Build.0 = Debug|Any CPU
		{5A148E01-0696-4EFB-BA7E-C5EA2F931B80}.Debug|x86.ActiveCfg = Debug|Any CPU
		{5A148E01-0696-4EFB-BA7E-C5EA2F931B80}.Debug|x86.Build.0 = Debug|Any CPU
		{5A148E01-0696-4EFB-BA7E-C5EA2F931B80}.Release|Any CPU.ActiveCfg = Release|Any CPU
		{5A148E01-0696-4EFB-BA7E-C5EA2F931B80}.Release|Any CPU.Build.0 = Release|Any CPU
		{5A148E01-0696-4EFB-BA7E-C5EA2F931B80}.Release|x64.ActiveCfg = Release|Any CPU
		{5A148E01-0696-4EFB-BA7E-C5EA2F931B80}.Release|x64.Build.0 = Release|Any CPU
		{5A148E01-0696-4EFB-BA7E-C5EA2F931B80}.Release|x86.ActiveCfg = Release|Any CPU
		{5A148E01-0696-4EFB-BA7E-C5EA2F931B80}.Release|x86.Build.0 = Release|Any CPU
		{4FE4F090-C779-48F6-A846-DF6C50687B24}.Debug|Any CPU.ActiveCfg = Debug|Any CPU
		{4FE4F090-C779-48F6-A846-DF6C50687B24}.Debug|Any CPU.Build.0 = Debug|Any CPU
		{4FE4F090-C779-48F6-A846-DF6C50687B24}.Debug|x64.ActiveCfg = Debug|Any CPU
		{4FE4F090-C779-48F6-A846-DF6C50687B24}.Debug|x64.Build.0 = Debug|Any CPU
		{4FE4F090-C779-48F6-A846-DF6C50687B24}.Debug|x86.ActiveCfg = Debug|Any CPU
		{4FE4F090-C779-48F6-A846-DF6C50687B24}.Debug|x86.Build.0 = Debug|Any CPU
		{4FE4F090-C779-48F6-A846-DF6C50687B24}.Release|Any CPU.ActiveCfg = Release|Any CPU
		{4FE4F090-C779-48F6-A846-DF6C50687B24}.Release|Any CPU.Build.0 = Release|Any CPU
		{4FE4F090-C779-48F6-A846-DF6C50687B24}.Release|x64.ActiveCfg = Release|Any CPU
		{4FE4F090-C779-48F6-A846-DF6C50687B24}.Release|x64.Build.0 = Release|Any CPU
		{4FE4F090-C779-48F6-A846-DF6C50687B24}.Release|x86.ActiveCfg = Release|Any CPU
		{4FE4F090-C779-48F6-A846-DF6C50687B24}.Release|x86.Build.0 = Release|Any CPU
		{5D553597-F3A7-4C62-85D8-45259EFCEDC1}.Debug|Any CPU.ActiveCfg = Debug|Any CPU
		{5D553597-F3A7-4C62-85D8-45259EFCEDC1}.Debug|Any CPU.Build.0 = Debug|Any CPU
		{5D553597-F3A7-4C62-85D8-45259EFCEDC1}.Debug|x64.ActiveCfg = Debug|Any CPU
		{5D553597-F3A7-4C62-85D8-45259EFCEDC1}.Debug|x64.Build.0 = Debug|Any CPU
		{5D553597-F3A7-4C62-85D8-45259EFCEDC1}.Debug|x86.ActiveCfg = Debug|Any CPU
		{5D553597-F3A7-4C62-85D8-45259EFCEDC1}.Debug|x86.Build.0 = Debug|Any CPU
		{5D553597-F3A7-4C62-85D8-45259EFCEDC1}.Release|Any CPU.ActiveCfg = Release|Any CPU
		{5D553597-F3A7-4C62-85D8-45259EFCEDC1}.Release|Any CPU.Build.0 = Release|Any CPU
		{5D553597-F3A7-4C62-85D8-45259EFCEDC1}.Release|x64.ActiveCfg = Release|Any CPU
		{5D553597-F3A7-4C62-85D8-45259EFCEDC1}.Release|x64.Build.0 = Release|Any CPU
		{5D553597-F3A7-4C62-85D8-45259EFCEDC1}.Release|x86.ActiveCfg = Release|Any CPU
		{5D553597-F3A7-4C62-85D8-45259EFCEDC1}.Release|x86.Build.0 = Release|Any CPU
		{304336B4-01A1-455C-A9A9-44675D7034E5}.Debug|Any CPU.ActiveCfg = Debug|Any CPU
		{304336B4-01A1-455C-A9A9-44675D7034E5}.Debug|Any CPU.Build.0 = Debug|Any CPU
		{304336B4-01A1-455C-A9A9-44675D7034E5}.Debug|x64.ActiveCfg = Debug|Any CPU
		{304336B4-01A1-455C-A9A9-44675D7034E5}.Debug|x64.Build.0 = Debug|Any CPU
		{304336B4-01A1-455C-A9A9-44675D7034E5}.Debug|x86.ActiveCfg = Debug|Any CPU
		{304336B4-01A1-455C-A9A9-44675D7034E5}.Debug|x86.Build.0 = Debug|Any CPU
		{304336B4-01A1-455C-A9A9-44675D7034E5}.Release|Any CPU.ActiveCfg = Release|Any CPU
		{304336B4-01A1-455C-A9A9-44675D7034E5}.Release|Any CPU.Build.0 = Release|Any CPU
		{304336B4-01A1-455C-A9A9-44675D7034E5}.Release|x64.ActiveCfg = Release|Any CPU
		{304336B4-01A1-455C-A9A9-44675D7034E5}.Release|x64.Build.0 = Release|Any CPU
		{304336B4-01A1-455C-A9A9-44675D7034E5}.Release|x86.ActiveCfg = Release|Any CPU
		{304336B4-01A1-455C-A9A9-44675D7034E5}.Release|x86.Build.0 = Release|Any CPU
		{2A9618F4-DD5E-4757-ADDD-827A4F08973C}.Debug|Any CPU.ActiveCfg = Debug|Any CPU
		{2A9618F4-DD5E-4757-ADDD-827A4F08973C}.Debug|Any CPU.Build.0 = Debug|Any CPU
		{2A9618F4-DD5E-4757-ADDD-827A4F08973C}.Debug|x64.ActiveCfg = Debug|Any CPU
		{2A9618F4-DD5E-4757-ADDD-827A4F08973C}.Debug|x64.Build.0 = Debug|Any CPU
		{2A9618F4-DD5E-4757-ADDD-827A4F08973C}.Debug|x86.ActiveCfg = Debug|Any CPU
		{2A9618F4-DD5E-4757-ADDD-827A4F08973C}.Debug|x86.Build.0 = Debug|Any CPU
		{2A9618F4-DD5E-4757-ADDD-827A4F08973C}.Release|Any CPU.ActiveCfg = Release|Any CPU
		{2A9618F4-DD5E-4757-ADDD-827A4F08973C}.Release|Any CPU.Build.0 = Release|Any CPU
		{2A9618F4-DD5E-4757-ADDD-827A4F08973C}.Release|x64.ActiveCfg = Release|Any CPU
		{2A9618F4-DD5E-4757-ADDD-827A4F08973C}.Release|x64.Build.0 = Release|Any CPU
		{2A9618F4-DD5E-4757-ADDD-827A4F08973C}.Release|x86.ActiveCfg = Release|Any CPU
		{2A9618F4-DD5E-4757-ADDD-827A4F08973C}.Release|x86.Build.0 = Release|Any CPU
		{4586E026-A9D5-4E98-8BC7-B2BBC8F4C672}.Debug|Any CPU.ActiveCfg = Debug|Any CPU
		{4586E026-A9D5-4E98-8BC7-B2BBC8F4C672}.Debug|Any CPU.Build.0 = Debug|Any CPU
		{4586E026-A9D5-4E98-8BC7-B2BBC8F4C672}.Debug|x64.ActiveCfg = Debug|Any CPU
		{4586E026-A9D5-4E98-8BC7-B2BBC8F4C672}.Debug|x64.Build.0 = Debug|Any CPU
		{4586E026-A9D5-4E98-8BC7-B2BBC8F4C672}.Debug|x86.ActiveCfg = Debug|Any CPU
		{4586E026-A9D5-4E98-8BC7-B2BBC8F4C672}.Debug|x86.Build.0 = Debug|Any CPU
		{4586E026-A9D5-4E98-8BC7-B2BBC8F4C672}.Release|Any CPU.ActiveCfg = Release|Any CPU
		{4586E026-A9D5-4E98-8BC7-B2BBC8F4C672}.Release|Any CPU.Build.0 = Release|Any CPU
		{4586E026-A9D5-4E98-8BC7-B2BBC8F4C672}.Release|x64.ActiveCfg = Release|Any CPU
		{4586E026-A9D5-4E98-8BC7-B2BBC8F4C672}.Release|x64.Build.0 = Release|Any CPU
		{4586E026-A9D5-4E98-8BC7-B2BBC8F4C672}.Release|x86.ActiveCfg = Release|Any CPU
		{4586E026-A9D5-4E98-8BC7-B2BBC8F4C672}.Release|x86.Build.0 = Release|Any CPU
		{56901666-A680-409D-8CB7-A5587FB438A3}.Debug|Any CPU.ActiveCfg = Debug|Any CPU
		{56901666-A680-409D-8CB7-A5587FB438A3}.Debug|Any CPU.Build.0 = Debug|Any CPU
		{56901666-A680-409D-8CB7-A5587FB438A3}.Debug|x64.ActiveCfg = Debug|Any CPU
		{56901666-A680-409D-8CB7-A5587FB438A3}.Debug|x64.Build.0 = Debug|Any CPU
		{56901666-A680-409D-8CB7-A5587FB438A3}.Debug|x86.ActiveCfg = Debug|Any CPU
		{56901666-A680-409D-8CB7-A5587FB438A3}.Debug|x86.Build.0 = Debug|Any CPU
		{56901666-A680-409D-8CB7-A5587FB438A3}.Release|Any CPU.ActiveCfg = Release|Any CPU
		{56901666-A680-409D-8CB7-A5587FB438A3}.Release|Any CPU.Build.0 = Release|Any CPU
		{56901666-A680-409D-8CB7-A5587FB438A3}.Release|x64.ActiveCfg = Release|Any CPU
		{56901666-A680-409D-8CB7-A5587FB438A3}.Release|x64.Build.0 = Release|Any CPU
		{56901666-A680-409D-8CB7-A5587FB438A3}.Release|x86.ActiveCfg = Release|Any CPU
		{56901666-A680-409D-8CB7-A5587FB438A3}.Release|x86.Build.0 = Release|Any CPU
		{D64E91A4-C597-465E-9B2E-FA6DE7C1A082}.Debug|Any CPU.ActiveCfg = Debug|Any CPU
		{D64E91A4-C597-465E-9B2E-FA6DE7C1A082}.Debug|Any CPU.Build.0 = Debug|Any CPU
		{D64E91A4-C597-465E-9B2E-FA6DE7C1A082}.Debug|x64.ActiveCfg = Debug|Any CPU
		{D64E91A4-C597-465E-9B2E-FA6DE7C1A082}.Debug|x64.Build.0 = Debug|Any CPU
		{D64E91A4-C597-465E-9B2E-FA6DE7C1A082}.Debug|x86.ActiveCfg = Debug|Any CPU
		{D64E91A4-C597-465E-9B2E-FA6DE7C1A082}.Debug|x86.Build.0 = Debug|Any CPU
		{D64E91A4-C597-465E-9B2E-FA6DE7C1A082}.Release|Any CPU.ActiveCfg = Release|Any CPU
		{D64E91A4-C597-465E-9B2E-FA6DE7C1A082}.Release|Any CPU.Build.0 = Release|Any CPU
		{D64E91A4-C597-465E-9B2E-FA6DE7C1A082}.Release|x64.ActiveCfg = Release|Any CPU
		{D64E91A4-C597-465E-9B2E-FA6DE7C1A082}.Release|x64.Build.0 = Release|Any CPU
		{D64E91A4-C597-465E-9B2E-FA6DE7C1A082}.Release|x86.ActiveCfg = Release|Any CPU
		{D64E91A4-C597-465E-9B2E-FA6DE7C1A082}.Release|x86.Build.0 = Release|Any CPU
		{DDEAD99C-A792-4750-82C3-9E7828C570BF}.Debug|Any CPU.ActiveCfg = Debug|Any CPU
		{DDEAD99C-A792-4750-82C3-9E7828C570BF}.Debug|Any CPU.Build.0 = Debug|Any CPU
		{DDEAD99C-A792-4750-82C3-9E7828C570BF}.Debug|x64.ActiveCfg = Debug|Any CPU
		{DDEAD99C-A792-4750-82C3-9E7828C570BF}.Debug|x64.Build.0 = Debug|Any CPU
		{DDEAD99C-A792-4750-82C3-9E7828C570BF}.Debug|x86.ActiveCfg = Debug|Any CPU
		{DDEAD99C-A792-4750-82C3-9E7828C570BF}.Debug|x86.Build.0 = Debug|Any CPU
		{DDEAD99C-A792-4750-82C3-9E7828C570BF}.Release|Any CPU.ActiveCfg = Release|Any CPU
		{DDEAD99C-A792-4750-82C3-9E7828C570BF}.Release|Any CPU.Build.0 = Release|Any CPU
		{DDEAD99C-A792-4750-82C3-9E7828C570BF}.Release|x64.ActiveCfg = Release|Any CPU
		{DDEAD99C-A792-4750-82C3-9E7828C570BF}.Release|x64.Build.0 = Release|Any CPU
		{DDEAD99C-A792-4750-82C3-9E7828C570BF}.Release|x86.ActiveCfg = Release|Any CPU
		{DDEAD99C-A792-4750-82C3-9E7828C570BF}.Release|x86.Build.0 = Release|Any CPU
		{FAC9D1BC-0C61-4B56-9A1B-8A1592EDEDDA}.Debug|Any CPU.ActiveCfg = Debug|Any CPU
		{FAC9D1BC-0C61-4B56-9A1B-8A1592EDEDDA}.Debug|Any CPU.Build.0 = Debug|Any CPU
		{FAC9D1BC-0C61-4B56-9A1B-8A1592EDEDDA}.Debug|x64.ActiveCfg = Debug|Any CPU
		{FAC9D1BC-0C61-4B56-9A1B-8A1592EDEDDA}.Debug|x64.Build.0 = Debug|Any CPU
		{FAC9D1BC-0C61-4B56-9A1B-8A1592EDEDDA}.Debug|x86.ActiveCfg = Debug|Any CPU
		{FAC9D1BC-0C61-4B56-9A1B-8A1592EDEDDA}.Debug|x86.Build.0 = Debug|Any CPU
		{FAC9D1BC-0C61-4B56-9A1B-8A1592EDEDDA}.Release|Any CPU.ActiveCfg = Release|Any CPU
		{FAC9D1BC-0C61-4B56-9A1B-8A1592EDEDDA}.Release|Any CPU.Build.0 = Release|Any CPU
		{FAC9D1BC-0C61-4B56-9A1B-8A1592EDEDDA}.Release|x64.ActiveCfg = Release|Any CPU
		{FAC9D1BC-0C61-4B56-9A1B-8A1592EDEDDA}.Release|x64.Build.0 = Release|Any CPU
		{FAC9D1BC-0C61-4B56-9A1B-8A1592EDEDDA}.Release|x86.ActiveCfg = Release|Any CPU
		{FAC9D1BC-0C61-4B56-9A1B-8A1592EDEDDA}.Release|x86.Build.0 = Release|Any CPU
		{739AE2C3-11C1-4415-930C-CBACD1E6E126}.Debug|Any CPU.ActiveCfg = Debug|Any CPU
		{739AE2C3-11C1-4415-930C-CBACD1E6E126}.Debug|Any CPU.Build.0 = Debug|Any CPU
		{739AE2C3-11C1-4415-930C-CBACD1E6E126}.Debug|x64.ActiveCfg = Debug|Any CPU
		{739AE2C3-11C1-4415-930C-CBACD1E6E126}.Debug|x64.Build.0 = Debug|Any CPU
		{739AE2C3-11C1-4415-930C-CBACD1E6E126}.Debug|x86.ActiveCfg = Debug|Any CPU
		{739AE2C3-11C1-4415-930C-CBACD1E6E126}.Debug|x86.Build.0 = Debug|Any CPU
		{739AE2C3-11C1-4415-930C-CBACD1E6E126}.Release|Any CPU.ActiveCfg = Release|Any CPU
		{739AE2C3-11C1-4415-930C-CBACD1E6E126}.Release|Any CPU.Build.0 = Release|Any CPU
		{739AE2C3-11C1-4415-930C-CBACD1E6E126}.Release|x64.ActiveCfg = Release|Any CPU
		{739AE2C3-11C1-4415-930C-CBACD1E6E126}.Release|x64.Build.0 = Release|Any CPU
		{739AE2C3-11C1-4415-930C-CBACD1E6E126}.Release|x86.ActiveCfg = Release|Any CPU
		{739AE2C3-11C1-4415-930C-CBACD1E6E126}.Release|x86.Build.0 = Release|Any CPU
		{2C6919B6-5547-4123-A7DA-73E9F958F2AD}.Debug|Any CPU.ActiveCfg = Debug|Any CPU
		{2C6919B6-5547-4123-A7DA-73E9F958F2AD}.Debug|Any CPU.Build.0 = Debug|Any CPU
		{2C6919B6-5547-4123-A7DA-73E9F958F2AD}.Debug|x64.ActiveCfg = Debug|Any CPU
		{2C6919B6-5547-4123-A7DA-73E9F958F2AD}.Debug|x64.Build.0 = Debug|Any CPU
		{2C6919B6-5547-4123-A7DA-73E9F958F2AD}.Debug|x86.ActiveCfg = Debug|Any CPU
		{2C6919B6-5547-4123-A7DA-73E9F958F2AD}.Debug|x86.Build.0 = Debug|Any CPU
		{2C6919B6-5547-4123-A7DA-73E9F958F2AD}.Release|Any CPU.ActiveCfg = Release|Any CPU
		{2C6919B6-5547-4123-A7DA-73E9F958F2AD}.Release|Any CPU.Build.0 = Release|Any CPU
		{2C6919B6-5547-4123-A7DA-73E9F958F2AD}.Release|x64.ActiveCfg = Release|Any CPU
		{2C6919B6-5547-4123-A7DA-73E9F958F2AD}.Release|x64.Build.0 = Release|Any CPU
		{2C6919B6-5547-4123-A7DA-73E9F958F2AD}.Release|x86.ActiveCfg = Release|Any CPU
		{2C6919B6-5547-4123-A7DA-73E9F958F2AD}.Release|x86.Build.0 = Release|Any CPU
		{AC56D39B-CD00-4E3D-A142-97CE3C25C7C9}.Debug|Any CPU.ActiveCfg = Debug|Any CPU
		{AC56D39B-CD00-4E3D-A142-97CE3C25C7C9}.Debug|Any CPU.Build.0 = Debug|Any CPU
		{AC56D39B-CD00-4E3D-A142-97CE3C25C7C9}.Debug|x64.ActiveCfg = Debug|Any CPU
		{AC56D39B-CD00-4E3D-A142-97CE3C25C7C9}.Debug|x64.Build.0 = Debug|Any CPU
		{AC56D39B-CD00-4E3D-A142-97CE3C25C7C9}.Debug|x86.ActiveCfg = Debug|Any CPU
		{AC56D39B-CD00-4E3D-A142-97CE3C25C7C9}.Debug|x86.Build.0 = Debug|Any CPU
		{AC56D39B-CD00-4E3D-A142-97CE3C25C7C9}.Release|Any CPU.ActiveCfg = Release|Any CPU
		{AC56D39B-CD00-4E3D-A142-97CE3C25C7C9}.Release|Any CPU.Build.0 = Release|Any CPU
		{AC56D39B-CD00-4E3D-A142-97CE3C25C7C9}.Release|x64.ActiveCfg = Release|Any CPU
		{AC56D39B-CD00-4E3D-A142-97CE3C25C7C9}.Release|x64.Build.0 = Release|Any CPU
		{AC56D39B-CD00-4E3D-A142-97CE3C25C7C9}.Release|x86.ActiveCfg = Release|Any CPU
		{AC56D39B-CD00-4E3D-A142-97CE3C25C7C9}.Release|x86.Build.0 = Release|Any CPU
		{59110235-C954-45B8-800E-6C07348BA61F}.Debug|Any CPU.ActiveCfg = Debug|Any CPU
		{59110235-C954-45B8-800E-6C07348BA61F}.Debug|Any CPU.Build.0 = Debug|Any CPU
		{59110235-C954-45B8-800E-6C07348BA61F}.Debug|x64.ActiveCfg = Debug|Any CPU
		{59110235-C954-45B8-800E-6C07348BA61F}.Debug|x64.Build.0 = Debug|Any CPU
		{59110235-C954-45B8-800E-6C07348BA61F}.Debug|x86.ActiveCfg = Debug|Any CPU
		{59110235-C954-45B8-800E-6C07348BA61F}.Debug|x86.Build.0 = Debug|Any CPU
		{59110235-C954-45B8-800E-6C07348BA61F}.Release|Any CPU.ActiveCfg = Release|Any CPU
		{59110235-C954-45B8-800E-6C07348BA61F}.Release|Any CPU.Build.0 = Release|Any CPU
		{59110235-C954-45B8-800E-6C07348BA61F}.Release|x64.ActiveCfg = Release|Any CPU
		{59110235-C954-45B8-800E-6C07348BA61F}.Release|x64.Build.0 = Release|Any CPU
		{59110235-C954-45B8-800E-6C07348BA61F}.Release|x86.ActiveCfg = Release|Any CPU
		{59110235-C954-45B8-800E-6C07348BA61F}.Release|x86.Build.0 = Release|Any CPU
		{E6353A99-3A9C-4F85-A1D7-B276CE54A9A7}.Debug|Any CPU.ActiveCfg = Debug|Any CPU
		{E6353A99-3A9C-4F85-A1D7-B276CE54A9A7}.Debug|Any CPU.Build.0 = Debug|Any CPU
		{E6353A99-3A9C-4F85-A1D7-B276CE54A9A7}.Debug|x64.ActiveCfg = Debug|Any CPU
		{E6353A99-3A9C-4F85-A1D7-B276CE54A9A7}.Debug|x64.Build.0 = Debug|Any CPU
		{E6353A99-3A9C-4F85-A1D7-B276CE54A9A7}.Debug|x86.ActiveCfg = Debug|Any CPU
		{E6353A99-3A9C-4F85-A1D7-B276CE54A9A7}.Debug|x86.Build.0 = Debug|Any CPU
		{E6353A99-3A9C-4F85-A1D7-B276CE54A9A7}.Release|Any CPU.ActiveCfg = Release|Any CPU
		{E6353A99-3A9C-4F85-A1D7-B276CE54A9A7}.Release|Any CPU.Build.0 = Release|Any CPU
		{E6353A99-3A9C-4F85-A1D7-B276CE54A9A7}.Release|x64.ActiveCfg = Release|Any CPU
		{E6353A99-3A9C-4F85-A1D7-B276CE54A9A7}.Release|x64.Build.0 = Release|Any CPU
		{E6353A99-3A9C-4F85-A1D7-B276CE54A9A7}.Release|x86.ActiveCfg = Release|Any CPU
		{E6353A99-3A9C-4F85-A1D7-B276CE54A9A7}.Release|x86.Build.0 = Release|Any CPU
		{B967F6DF-54EA-4107-A4E8-1794CC032B61}.Debug|Any CPU.ActiveCfg = Debug|Any CPU
		{B967F6DF-54EA-4107-A4E8-1794CC032B61}.Debug|Any CPU.Build.0 = Debug|Any CPU
		{B967F6DF-54EA-4107-A4E8-1794CC032B61}.Debug|x64.ActiveCfg = Debug|Any CPU
		{B967F6DF-54EA-4107-A4E8-1794CC032B61}.Debug|x64.Build.0 = Debug|Any CPU
		{B967F6DF-54EA-4107-A4E8-1794CC032B61}.Debug|x86.ActiveCfg = Debug|Any CPU
		{B967F6DF-54EA-4107-A4E8-1794CC032B61}.Debug|x86.Build.0 = Debug|Any CPU
		{B967F6DF-54EA-4107-A4E8-1794CC032B61}.Release|Any CPU.ActiveCfg = Release|Any CPU
		{B967F6DF-54EA-4107-A4E8-1794CC032B61}.Release|Any CPU.Build.0 = Release|Any CPU
		{B967F6DF-54EA-4107-A4E8-1794CC032B61}.Release|x64.ActiveCfg = Release|Any CPU
		{B967F6DF-54EA-4107-A4E8-1794CC032B61}.Release|x64.Build.0 = Release|Any CPU
		{B967F6DF-54EA-4107-A4E8-1794CC032B61}.Release|x86.ActiveCfg = Release|Any CPU
		{B967F6DF-54EA-4107-A4E8-1794CC032B61}.Release|x86.Build.0 = Release|Any CPU
		{C9160DEB-3FEC-4763-AA3A-08F8036CEBB5}.Debug|Any CPU.ActiveCfg = Debug|Any CPU
		{C9160DEB-3FEC-4763-AA3A-08F8036CEBB5}.Debug|Any CPU.Build.0 = Debug|Any CPU
		{C9160DEB-3FEC-4763-AA3A-08F8036CEBB5}.Debug|x64.ActiveCfg = Debug|Any CPU
		{C9160DEB-3FEC-4763-AA3A-08F8036CEBB5}.Debug|x64.Build.0 = Debug|Any CPU
		{C9160DEB-3FEC-4763-AA3A-08F8036CEBB5}.Debug|x86.ActiveCfg = Debug|Any CPU
		{C9160DEB-3FEC-4763-AA3A-08F8036CEBB5}.Debug|x86.Build.0 = Debug|Any CPU
		{C9160DEB-3FEC-4763-AA3A-08F8036CEBB5}.Release|Any CPU.ActiveCfg = Release|Any CPU
		{C9160DEB-3FEC-4763-AA3A-08F8036CEBB5}.Release|Any CPU.Build.0 = Release|Any CPU
		{C9160DEB-3FEC-4763-AA3A-08F8036CEBB5}.Release|x64.ActiveCfg = Release|Any CPU
		{C9160DEB-3FEC-4763-AA3A-08F8036CEBB5}.Release|x64.Build.0 = Release|Any CPU
		{C9160DEB-3FEC-4763-AA3A-08F8036CEBB5}.Release|x86.ActiveCfg = Release|Any CPU
		{C9160DEB-3FEC-4763-AA3A-08F8036CEBB5}.Release|x86.Build.0 = Release|Any CPU
	EndGlobalSection
	GlobalSection(SolutionProperties) = preSolution
		HideSolutionNode = FALSE
	EndGlobalSection
	GlobalSection(NestedProjects) = preSolution
		{1A5ED6D5-6D7F-4119-912E-E07B0E4FC05F} = {827E0CD3-B72D-47B6-A68D-7590B98EB39B}
		{2EA9D887-4C64-4C33-A3E9-FE6D1D62A44A} = {827E0CD3-B72D-47B6-A68D-7590B98EB39B}
		{9D120F93-010D-4030-9CD8-1F7F6F20002A} = {827E0CD3-B72D-47B6-A68D-7590B98EB39B}
		{72D7771F-B157-4696-919B-1D57311796D6} = {827E0CD3-B72D-47B6-A68D-7590B98EB39B}
		{E9E57FB0-385A-40FE-AFC9-DBA02B6A7D7A} = {827E0CD3-B72D-47B6-A68D-7590B98EB39B}
		{5A148E01-0696-4EFB-BA7E-C5EA2F931B80} = {827E0CD3-B72D-47B6-A68D-7590B98EB39B}
		{4FE4F090-C779-48F6-A846-DF6C50687B24} = {827E0CD3-B72D-47B6-A68D-7590B98EB39B}
		{5D553597-F3A7-4C62-85D8-45259EFCEDC1} = {827E0CD3-B72D-47B6-A68D-7590B98EB39B}
		{304336B4-01A1-455C-A9A9-44675D7034E5} = {827E0CD3-B72D-47B6-A68D-7590B98EB39B}
		{2A9618F4-DD5E-4757-ADDD-827A4F08973C} = {0AB3BF05-4346-4AA6-1389-037BE0695223}
		{4586E026-A9D5-4E98-8BC7-B2BBC8F4C672} = {0AB3BF05-4346-4AA6-1389-037BE0695223}
		{56901666-A680-409D-8CB7-A5587FB438A3} = {0AB3BF05-4346-4AA6-1389-037BE0695223}
		{D64E91A4-C597-465E-9B2E-FA6DE7C1A082} = {0AB3BF05-4346-4AA6-1389-037BE0695223}
		{DDEAD99C-A792-4750-82C3-9E7828C570BF} = {0AB3BF05-4346-4AA6-1389-037BE0695223}
		{FAC9D1BC-0C61-4B56-9A1B-8A1592EDEDDA} = {0AB3BF05-4346-4AA6-1389-037BE0695223}
		{739AE2C3-11C1-4415-930C-CBACD1E6E126} = {0AB3BF05-4346-4AA6-1389-037BE0695223}
		{2C6919B6-5547-4123-A7DA-73E9F958F2AD} = {0AB3BF05-4346-4AA6-1389-037BE0695223}
		{AC56D39B-CD00-4E3D-A142-97CE3C25C7C9} = {0AB3BF05-4346-4AA6-1389-037BE0695223}
		{59110235-C954-45B8-800E-6C07348BA61F} = {0AB3BF05-4346-4AA6-1389-037BE0695223}
		{E6353A99-3A9C-4F85-A1D7-B276CE54A9A7} = {827E0CD3-B72D-47B6-A68D-7590B98EB39B}
		{B967F6DF-54EA-4107-A4E8-1794CC032B61} = {827E0CD3-B72D-47B6-A68D-7590B98EB39B}
		{C9160DEB-3FEC-4763-AA3A-08F8036CEBB5} = {0AB3BF05-4346-4AA6-1389-037BE0695223}
	EndGlobalSection
EndGlobal
